
Microsoft Visual Studio Solution File, Format Version 12.00
# Visual Studio Version 17
VisualStudioVersion = 17.8.34330.188
MinimumVisualStudioVersion = 10.0.40219.1
Project("{FAE04EC0-301F-11D3-BF4B-00C04F79EFBC}") = "M02TP01", "M02TP01\M02TP01.csproj", "{5745DEC4-352F-4571-9ABC-5177929AB425}"
EndProject
Global
	GlobalSection(SolutionConfigurationPlatforms) = preSolution
		Debug|Any CPU = Debug|Any CPU
		Release|Any CPU = Release|Any CPU
	EndGlobalSection
	GlobalSection(ProjectConfigurationPlatforms) = postSolution
		{5745DEC4-352F-4571-9ABC-5177929AB425}.Debug|Any CPU.ActiveCfg = Debug|Any CPU
		{5745DEC4-352F-4571-9ABC-5177929AB425}.Debug|Any CPU.Build.0 = Debug|Any CPU
		{5745DEC4-352F-4571-9ABC-5177929AB425}.Release|Any CPU.ActiveCfg = Release|Any CPU
		{5745DEC4-352F-4571-9ABC-5177929AB425}.Release|Any CPU.Build.0 = Release|Any CPU
	EndGlobalSection
	GlobalSection(SolutionProperties) = preSolution
		HideSolutionNode = FALSE
	EndGlobalSection
	GlobalSection(ExtensibilityGlobals) = postSolution
		SolutionGuid = {7D63620E-F52A-4A12-A6C9-FC3FB3B5E773}
	EndGlobalSection
EndGlobal
